{
  "object": {
    "pins": [
      {
        "package": "AdversaryLabClientSwift",
        "repositoryURL": "https://github.com/OperatorFoundation/AdversaryLabClientSwift",
        "state": {
          "branch": null,
          "revision": "52ebc65b1dc3c2ab4a48126993c870cc7b746aa8",
          "version": "0.3.2"
        }
      },
      {
        "package": "Bits",
        "repositoryURL": "https://github.com/OperatorFoundation/Bits.git",
        "state": {
          "branch": null,
          "revision": "f05ebc8026f8c57dcd7e2eebffd816b078d3a142",
          "version": "2.0.1"
        }
      },
      {
        "package": "Chord",
        "repositoryURL": "https://github.com/OperatorFoundation/Chord",
        "state": {
          "branch": null,
          "revision": "662052b357a1cbb4d3b1c82a304e993e6dee46b0",
          "version": "0.0.13"
        }
      },
      {
        "package": "Datable",
        "repositoryURL": "https://github.com/OperatorFoundation/Datable",
        "state": {
          "branch": null,
          "revision": "59dfd564b1d0e69313cb13ce87adc4ea2281df79",
          "version": "3.1.1"
        }
      },
      {
        "package": "Gardener",
        "repositoryURL": "https://github.com/OperatorFoundation/Gardener.git",
        "state": {
          "branch": null,
          "revision": "5ea0d149e8b10f5d7802efe2cfb8fbd9eeeb2c22",
          "version": "0.0.48"
        }
      },
      {
        "package": "InternetProtocols",
        "repositoryURL": "https://github.com/OperatorFoundation/InternetProtocols.git",
        "state": {
          "branch": null,
          "revision": "b9a3d750cdf4e0d2e0eefbdff1eb07ab31e7bd5b",
          "version": "2.1.1"
        }
      },
      {
        "package": "Keychain",
        "repositoryURL": "https://github.com/OperatorFoundation/Keychain.git",
        "state": {
          "branch": null,
          "revision": "64c2e570f0cdb15beb879bdf1b3a9e01916f85d0",
          "version": "0.1.2"
        }
      },
      {
        "package": "Monolith",
        "repositoryURL": "https://github.com/OperatorFoundation/Monolith.git",
        "state": {
          "branch": null,
          "revision": "bd9dd3be8718e98ed9ab644479b9a04492e4e403",
          "version": "1.0.3"
        }
      },
      {
        "package": "PacketCaptureBPF",
        "repositoryURL": "https://github.com/OperatorFoundation/PacketCaptureBPF.git",
        "state": {
          "branch": null,
          "revision": "038a5723671a4bc6fba3473bf64e29da8f83734f",
          "version": "0.2.9"
        }
      },
      {
        "package": "PacketStream",
        "repositoryURL": "https://github.com/OperatorFoundation/PacketStream.git",
        "state": {
          "branch": null,
          "revision": "2340145ec9c547f23aeb0464a3b230f6afaa529b",
          "version": "0.2.1"
        }
      },
      {
        "package": "ReplicantSwift",
        "repositoryURL": "https://github.com/OperatorFoundation/ReplicantSwift.git",
        "state": {
          "branch": null,
          "revision": "78fedcb7a11a2b6be614ade999561a9703ca04c0",
          "version": "0.10.4"
        }
      },
      {
        "package": "ReplicantSwiftClient",
        "repositoryURL": "https://github.com/OperatorFoundation/ReplicantSwiftClient.git",
        "state": {
          "branch": null,
          "revision": "b4a05dc494360bf5e6fa4da8d6de85e13df3df1c",
          "version": "0.3.10"
        }
      },
      {
        "package": "ShadowSwift",
        "repositoryURL": "https://github.com/OperatorFoundation/ShadowSwift.git",
        "state": {
          "branch": null,
          "revision": "ba9d5414e3e3dfa6d6e6a69ff35b43621ee45c8b",
          "version": "1.0.3"
        }
      },
      {
        "package": "Song",
        "repositoryURL": "https://github.com/OperatorFoundation/Song.git",
        "state": {
          "branch": null,
          "revision": "e186da626031d49db647c5b3d24c28adacc21c7c",
          "version": "0.2.1"
        }
      },
      {
        "package": "swift-argument-parser",
        "repositoryURL": "https://github.com/apple/swift-argument-parser.git",
        "state": {
          "branch": null,
          "revision": "d2930e8fcf9c33162b9fcc1d522bc975e2d4179b",
          "version": "1.0.1"
        }
      },
      {
        "package": "swift-ast",
        "repositoryURL": "https://github.com/OperatorFoundation/swift-ast.git",
        "state": {
          "branch": null,
          "revision": "b06dae9d1d4864df9eca6cc0761a62f7681565d4",
          "version": "0.19.11"
        }
      },
      {
        "package": "swift-crypto",
        "repositoryURL": "https://github.com/apple/swift-crypto",
        "state": {
          "branch": null,
          "revision": "127d3745c37b5705e4bc8d16c7951c48dcc3332c",
          "version": "2.0.0"
        }
      },
      {
        "package": "swift-log",
        "repositoryURL": "https://github.com/apple/swift-log.git",
        "state": {
          "branch": null,
          "revision": "5d66f7ba25daf4f94100e7022febf3c75e37a6c7",
          "version": "1.4.2"
        }
      },
      {
        "package": "NetUtils",
        "repositoryURL": "https://github.com/OperatorFoundation/swift-netutils.git",
        "state": {
          "branch": null,
          "revision": "776909ce0b37bd9ea1fa0f2156e4e5ad07a592b8",
          "version": "4.3.0"
        }
      },
      {
        "package": "Transmission",
        "repositoryURL": "https://github.com/OperatorFoundation/Transmission.git",
        "state": {
          "branch": null,
          "revision": "8a3208721779521323e20abaa7e3368f743b7641",
          "version": "0.4.1"
        }
      },
      {
        "package": "Transport",
        "repositoryURL": "https://github.com/OperatorFoundation/Transport",
        "state": {
          "branch": null,
          "revision": "a95c7bd870c558a040f9a22a88badab5577bd4df",
          "version": "2.3.8"
        }
      },
      {
        "package": "ZIPFoundation",
        "repositoryURL": "https://github.com/weichsel/ZIPFoundation.git",
        "state": {
          "branch": null,
          "revision": "cf10bbff6ac3b873e97b36b9784c79866a051a8e",
          "version": "0.9.12"
        }
      }
    ]
  },
  "version": 1
}
