{
  "object": {
    "pins": [
      {
        "package": "AdversaryLabClientSwift",
        "repositoryURL": "https://github.com/OperatorFoundation/AdversaryLabClientSwift",
        "state": {
          "branch": "main",
          "revision": "515c104060918a7479ec0aff13e63cb2962475d4",
          "version": null
        }
      },
      {
        "package": "Bits",
        "repositoryURL": "https://github.com/OperatorFoundation/Bits.git",
        "state": {
          "branch": null,
          "revision": "f05ebc8026f8c57dcd7e2eebffd816b078d3a142",
          "version": "2.0.1"
        }
      },
      {
        "package": "Gardener",
        "repositoryURL": "https://github.com/OperatorFoundation/Gardener.git",
        "state": {
          "branch": null,
          "revision": "5ea0d149e8b10f5d7802efe2cfb8fbd9eeeb2c22",
          "version": "0.0.48"
        }
      },
      {
        "package": "InternetProtocols",
        "repositoryURL": "https://github.com/OperatorFoundation/InternetProtocols.git",
        "state": {
          "branch": null,
          "revision": "ab344e7c952e3484a507ef34dc599081df9373fb",
          "version": "2.2.1"
        }
      },
      {
        "package": "Keychain",
        "repositoryURL": "https://github.com/OperatorFoundation/Keychain.git",
        "state": {
          "branch": "main",
          "revision": "2f2e8ed63b01d3865be84604b6b65478d2f4c935",
          "version": null
        }
      },
      {
        "package": "KeychainMacOS",
        "repositoryURL": "https://github.com/OperatorFoundation/KeychainMacOS.git",
        "state": {
          "branch": null,
          "revision": "e6d545e3b8ebb4b3b6b3f58c6936ab708a8d7373",
          "version": "1.0.1"
        }
      },
      {
        "package": "Monolith",
        "repositoryURL": "https://github.com/OperatorFoundation/Monolith.git",
        "state": {
          "branch": "main",
          "revision": "5fae52e285f839068011642a2a8df70ca31cedb1",
          "version": null
        }
      },
      {
        "package": "Net",
        "repositoryURL": "https://github.com/OperatorFoundation/Net.git",
        "state": {
          "branch": "main",
          "revision": "c77993026c898f18d244f19bd505ab37baf10e92",
          "version": null
        }
      },
      {
        "package": "PacketCaptureBPF",
        "repositoryURL": "https://github.com/OperatorFoundation/PacketCaptureBPF.git",
        "state": {
          "branch": null,
          "revision": "aaa6c509569cb11904e35dd682bb581b9b2f8083",
          "version": "0.2.10"
        }
      },
      {
        "package": "PacketStream",
        "repositoryURL": "https://github.com/OperatorFoundation/PacketStream.git",
        "state": {
          "branch": null,
          "revision": "2340145ec9c547f23aeb0464a3b230f6afaa529b",
          "version": "0.2.1"
        }
      },
      {
        "package": "ReplicantSwift",
        "repositoryURL": "https://github.com/OperatorFoundation/ReplicantSwift.git",
        "state": {
          "branch": "main",
          "revision": "316071c4f4d50c6965c2b53333c8630ced33b070",
          "version": null
        }
      },
      {
        "package": "ReplicantSwiftClient",
        "repositoryURL": "https://github.com/OperatorFoundation/ReplicantSwiftClient.git",
        "state": {
          "branch": "main",
          "revision": "42f9c439390cb8d35e6a6a1e8ebb0fc225a32727",
          "version": null
        }
      },
      {
        "package": "ShadowSwift",
        "repositoryURL": "https://github.com/OperatorFoundation/ShadowSwift.git",
        "state": {
          "branch": "main",
          "revision": "f60898ee2b015dac85c6db0fa5eeb8a49572e02a",
          "version": null
        }
      },
      {
        "package": "Song",
        "repositoryURL": "https://github.com/OperatorFoundation/Song.git",
        "state": {
          "branch": "main",
          "revision": "30e043dc38908eb882f3991eb2af9249ec8988ce",
          "version": null
        }
      },
      {
        "package": "swift-argument-parser",
        "repositoryURL": "https://github.com/apple/swift-argument-parser.git",
        "state": {
          "branch": null,
          "revision": "6b2aa2748a7881eebb9f84fb10c01293e15b52ca",
          "version": "0.5.0"
        }
      },
      {
        "package": "swift-ast",
        "repositoryURL": "https://github.com/OperatorFoundation/swift-ast.git",
        "state": {
          "branch": null,
          "revision": "d7e0cf0d9d3b90831a1c297ce911a338a4bd44f3",
          "version": "0.19.12"
        }
      },
      {
        "package": "swift-log",
        "repositoryURL": "https://github.com/apple/swift-log.git",
        "state": {
          "branch": null,
          "revision": "5d66f7ba25daf4f94100e7022febf3c75e37a6c7",
          "version": "1.4.2"
        }
      },
      {
        "package": "NetUtils",
        "repositoryURL": "https://github.com/OperatorFoundation/swift-netutils.git",
        "state": {
          "branch": null,
          "revision": "776909ce0b37bd9ea1fa0f2156e4e5ad07a592b8",
          "version": "4.3.0"
        }
      },
      {
        "package": "SwiftHexTools",
        "repositoryURL": "https://github.com/OperatorFoundation/SwiftHexTools.git",
        "state": {
          "branch": "main",
          "revision": "a18a1ca88ad1d4844f445c522aba7ba8f691b1b6",
          "version": null
        }
      },
      {
        "package": "Transmission",
        "repositoryURL": "https://github.com/OperatorFoundation/Transmission.git",
        "state": {
          "branch": "main",
          "revision": "bf9303b5c37cfa6a455f3f894af44504c16e7be9",
          "version": null
        }
      },
      {
        "package": "TransmissionMacOS",
        "repositoryURL": "https://github.com/OperatorFoundation/TransmissionMacOS",
        "state": {
          "branch": null,
          "revision": "7337e28f688bbd282c7dfcc74d0689c859315443",
          "version": "0.0.2"
        }
      },
      {
        "package": "TransmissionTransport",
        "repositoryURL": "https://github.com/OperatorFoundation/TransmissionTransport.git",
        "state": {
          "branch": "main",
          "revision": "8196901ae8b9d004263b2df372f25614437a823f",
          "version": null
        }
      },
      {
        "package": "TransmissionTypes",
        "repositoryURL": "https://github.com/OperatorFoundation/TransmissionTypes.git",
        "state": {
          "branch": null,
          "revision": "b5b5974bee1d79b9eb19c8ba5707dd1b6ac349a1",
          "version": "0.0.1"
        }
      },
      {
        "package": "Transport",
        "repositoryURL": "https://github.com/OperatorFoundation/Transport",
        "state": {
          "branch": null,
          "revision": "bd0ce93e7b0bb17a1e01f09f03be07b34187249a",
          "version": "2.3.12"
        }
      },
      {
        "package": "ZIPFoundation",
        "repositoryURL": "https://github.com/weichsel/ZIPFoundation.git",
        "state": {
          "branch": null,
          "revision": "7254c74b49cec2cb81520523ba993c671f71b066",
          "version": "0.9.14"
        }
      }
    ]
  },
  "version": 1
}
